PODS:
  - ARCore (1.41.0):
    - ARCore/Base (= 1.41.0)
  - ARCore/Base (1.41.0):
    - GoogleDataTransport (~> 9.2)
    - nanopb (< 2.30910.0, >= 2.30908.0)
  - GoogleDataTransport (9.3.0):
    - GoogleUtilities/Environment (~> 7.7)
    - nanopb (< 2.30910.0, >= 2.30908.0)
    - PromisesObjC (< 3.0, >= 1.2)
  - GoogleUtilities/Environment (7.12.0):
    - PromisesObjC (< 3.0, >= 1.2)
  - Masonry (1.1.0)
  - nanopb (2.30909.1):
    - nanopb/decode (= 2.30909.1)
    - nanopb/encode (= 2.30909.1)
  - nanopb/decode (2.30909.1)
  - nanopb/encode (2.30909.1)
  - PromisesObjC (2.3.1)

DEPENDENCIES:
  - ARCore
  - Masonry

SPEC REPOS:
  trunk:
    - ARCore
    - GoogleDataTransport
    - GoogleUtilities
    - Masonry
    - nanopb
    - PromisesObjC

SPEC CHECKSUMS:
  ARCore: b4b739266b67a28310756ee4eb77cdd97630c6a7
  GoogleDataTransport: 57c22343ab29bc686febbf7cbb13bad167c2d8fe
  GoogleUtilities: 0759d1a57ebb953965c2dfe0ba4c82e95ccc2e34
  Masonry: 678fab65091a9290e40e2832a55e7ab731aad201
  nanopb: d4d75c12cd1316f4a64e3c6963f879ecd4b5e0d5
  PromisesObjC: c50d2056b5253dadbd6c2bea79b0674bd5a52fa4

PODFILE CHECKSUM: be9023d49d79b37d5d5ba30288c9cda48c5561a9

COCOAPODS: 1.14.2
